
Microsoft Visual Studio Solution File, Format Version 12.00
# Visual Studio 14
VisualStudioVersion = 14.0.24720.0
MinimumVisualStudioVersion = 10.0.40219.1
Project("{FAE04EC0-301F-11D3-BF4B-00C04F79EFBC}") = "Fluent-Json.NET-Configuration", "Fluent-Json.NET-Configuration\Fluent-Json.NET-Configuration.csproj", "{4CE8220A-553F-4593-97E1-854CBD70875E}"
EndProject
Project("{FAE04EC0-301F-11D3-BF4B-00C04F79EFBC}") = "FluentJsonNetTests", "FluentJsonNetTests\FluentJsonNetTests.csproj", "{5A167884-FC9D-4AFD-A503-374E0153570C}"
EndProject
Global
	GlobalSection(SolutionConfigurationPlatforms) = preSolution
		Debug|Any CPU = Debug|Any CPU
		Release|Any CPU = Release|Any CPU
	EndGlobalSection
	GlobalSection(ProjectConfigurationPlatforms) = postSolution
		{4CE8220A-553F-4593-97E1-854CBD70875E}.Debug|Any CPU.ActiveCfg = Debug|Any CPU
		{4CE8220A-553F-4593-97E1-854CBD70875E}.Debug|Any CPU.Build.0 = Debug|Any CPU
		{4CE8220A-553F-4593-97E1-854CBD70875E}.Release|Any CPU.ActiveCfg = Release|Any CPU
		{4CE8220A-553F-4593-97E1-854CBD70875E}.Release|Any CPU.Build.0 = Release|Any CPU
		{5A167884-FC9D-4AFD-A503-374E0153570C}.Debug|Any CPU.ActiveCfg = Debug|Any CPU
		{5A167884-FC9D-4AFD-A503-374E0153570C}.Debug|Any CPU.Build.0 = Debug|Any CPU
		{5A167884-FC9D-4AFD-A503-374E0153570C}.Release|Any CPU.ActiveCfg = Release|Any CPU
		{5A167884-FC9D-4AFD-A503-374E0153570C}.Release|Any CPU.Build.0 = Release|Any CPU
	EndGlobalSection
	GlobalSection(SolutionProperties) = preSolution
		HideSolutionNode = FALSE
	EndGlobalSection
EndGlobal
